
Microsoft Visual Studio Solution File, Format Version 12.00
# Visual Studio 2013
VisualStudioVersion = 12.0.31101.0
MinimumVisualStudioVersion = 10.0.40219.1
Project("{FAE04EC0-301F-11D3-BF4B-00C04F79EFBC}") = "Hapil", "Hapil\Hapil.csproj", "{25E37CC2-7E18-4592-8102-DFBAA4DDD2A7}"
EndProject
Project("{FAE04EC0-301F-11D3-BF4B-00C04F79EFBC}") = "Hapil.UnitTests", "Hapil.UnitTests\Hapil.UnitTests.csproj", "{078FD18B-06C6-4F9D-8238-3704BA7387B5}"
EndProject
Project("{FAE04EC0-301F-11D3-BF4B-00C04F79EFBC}") = "Hapil.Applied", "Hapil.Applied\Hapil.Applied.csproj", "{391CF61B-AEEF-48B3-A8F8-ECB50409B9FC}"
EndProject
Project("{FAE04EC0-301F-11D3-BF4B-00C04F79EFBC}") = "Hapil.Applied.UnitTests", "Hapil.Applied.UnitTests\Hapil.Applied.UnitTests.csproj", "{F0FDCB9E-E654-4907-84F2-3EDFA0525AC7}"
EndProject
Project("{FAE04EC0-301F-11D3-BF4B-00C04F79EFBC}") = "Hapil.Testing.NUnit", "Hapil.Testing.NUnit\Hapil.Testing.NUnit.csproj", "{B02584D9-46FC-4D39-B3FA-8C58238B540A}"
EndProject
Project("{2150E333-8FDC-42A3-9474-1A3956D46DE8}") = "Hapil", "Hapil", "{FA9A6902-C129-4A69-9577-CEB4BD10EA89}"
EndProject
Project("{2150E333-8FDC-42A3-9474-1A3956D46DE8}") = "Hapil.Applied", "Hapil.Applied", "{EB2599FB-50A0-4F3E-AF14-993D4AC43CC4}"
EndProject
Project("{2150E333-8FDC-42A3-9474-1A3956D46DE8}") = "Hapil.Testing", "Hapil.Testing", "{9AC123B3-C15B-45B7-BE01-8426356943AC}"
EndProject
Project("{2150E333-8FDC-42A3-9474-1A3956D46DE8}") = "Solution Items", "Solution Items", "{1259A5F3-1EA3-48EC-8BB5-9F28F3886520}"
	ProjectSection(SolutionItems) = preProject
		FelixB.Hapil.nuspec = FelixB.Hapil.nuspec
		..\Hapil.snk = ..\Hapil.snk
	EndProjectSection
EndProject
Global
	GlobalSection(SolutionConfigurationPlatforms) = preSolution
		Debug|Any CPU = Debug|Any CPU
		Release|Any CPU = Release|Any CPU
	EndGlobalSection
	GlobalSection(ProjectConfigurationPlatforms) = postSolution
		{25E37CC2-7E18-4592-8102-DFBAA4DDD2A7}.Debug|Any CPU.ActiveCfg = Debug|Any CPU
		{25E37CC2-7E18-4592-8102-DFBAA4DDD2A7}.Debug|Any CPU.Build.0 = Debug|Any CPU
		{25E37CC2-7E18-4592-8102-DFBAA4DDD2A7}.Release|Any CPU.ActiveCfg = Release|Any CPU
		{25E37CC2-7E18-4592-8102-DFBAA4DDD2A7}.Release|Any CPU.Build.0 = Release|Any CPU
		{078FD18B-06C6-4F9D-8238-3704BA7387B5}.Debug|Any CPU.ActiveCfg = Debug|Any CPU
		{078FD18B-06C6-4F9D-8238-3704BA7387B5}.Debug|Any CPU.Build.0 = Debug|Any CPU
		{078FD18B-06C6-4F9D-8238-3704BA7387B5}.Release|Any CPU.ActiveCfg = Release|Any CPU
		{078FD18B-06C6-4F9D-8238-3704BA7387B5}.Release|Any CPU.Build.0 = Release|Any CPU
		{391CF61B-AEEF-48B3-A8F8-ECB50409B9FC}.Debug|Any CPU.ActiveCfg = Debug|Any CPU
		{391CF61B-AEEF-48B3-A8F8-ECB50409B9FC}.Debug|Any CPU.Build.0 = Debug|Any CPU
		{391CF61B-AEEF-48B3-A8F8-ECB50409B9FC}.Release|Any CPU.ActiveCfg = Release|Any CPU
		{391CF61B-AEEF-48B3-A8F8-ECB50409B9FC}.Release|Any CPU.Build.0 = Release|Any CPU
		{F0FDCB9E-E654-4907-84F2-3EDFA0525AC7}.Debug|Any CPU.ActiveCfg = Debug|Any CPU
		{F0FDCB9E-E654-4907-84F2-3EDFA0525AC7}.Debug|Any CPU.Build.0 = Debug|Any CPU
		{F0FDCB9E-E654-4907-84F2-3EDFA0525AC7}.Release|Any CPU.ActiveCfg = Release|Any CPU
		{F0FDCB9E-E654-4907-84F2-3EDFA0525AC7}.Release|Any CPU.Build.0 = Release|Any CPU
		{B02584D9-46FC-4D39-B3FA-8C58238B540A}.Debug|Any CPU.ActiveCfg = Debug|Any CPU
		{B02584D9-46FC-4D39-B3FA-8C58238B540A}.Debug|Any CPU.Build.0 = Debug|Any CPU
		{B02584D9-46FC-4D39-B3FA-8C58238B540A}.Release|Any CPU.ActiveCfg = Release|Any CPU
		{B02584D9-46FC-4D39-B3FA-8C58238B540A}.Release|Any CPU.Build.0 = Release|Any CPU
	EndGlobalSection
	GlobalSection(SolutionProperties) = preSolution
		HideSolutionNode = FALSE
	EndGlobalSection
	GlobalSection(NestedProjects) = preSolution
		{25E37CC2-7E18-4592-8102-DFBAA4DDD2A7} = {FA9A6902-C129-4A69-9577-CEB4BD10EA89}
		{078FD18B-06C6-4F9D-8238-3704BA7387B5} = {FA9A6902-C129-4A69-9577-CEB4BD10EA89}
		{391CF61B-AEEF-48B3-A8F8-ECB50409B9FC} = {EB2599FB-50A0-4F3E-AF14-993D4AC43CC4}
		{F0FDCB9E-E654-4907-84F2-3EDFA0525AC7} = {EB2599FB-50A0-4F3E-AF14-993D4AC43CC4}
		{B02584D9-46FC-4D39-B3FA-8C58238B540A} = {9AC123B3-C15B-45B7-BE01-8426356943AC}
	EndGlobalSection
EndGlobal
